
Microsoft Visual Studio Solution File, Format Version 12.00
# Visual Studio Version 17
VisualStudioVersion = 17.4.33110.190
MinimumVisualStudioVersion = 10.0.40219.1
Project("{9A19103F-16F7-4668-BE54-9A1E7A4F7556}") = "PetShop_Project_SWP391", "PetShop_Project_SWP391\PetShop_Project_SWP391.csproj", "{D05D656F-0FB4-4040-A066-45CBD8F86A59}"
EndProject
Global
	GlobalSection(SolutionConfigurationPlatforms) = preSolution
		Debug|Any CPU = Debug|Any CPU
		Release|Any CPU = Release|Any CPU
	EndGlobalSection
	GlobalSection(ProjectConfigurationPlatforms) = postSolution
		{D05D656F-0FB4-4040-A066-45CBD8F86A59}.Debug|Any CPU.ActiveCfg = Debug|Any CPU
		{D05D656F-0FB4-4040-A066-45CBD8F86A59}.Debug|Any CPU.Build.0 = Debug|Any CPU
		{D05D656F-0FB4-4040-A066-45CBD8F86A59}.Release|Any CPU.ActiveCfg = Release|Any CPU
		{D05D656F-0FB4-4040-A066-45CBD8F86A59}.Release|Any CPU.Build.0 = Release|Any CPU
	EndGlobalSection
	GlobalSection(SolutionProperties) = preSolution
		HideSolutionNode = FALSE
	EndGlobalSection
	GlobalSection(ExtensibilityGlobals) = postSolution
		SolutionGuid = {954ED680-DC60-41D9-B920-33082373141E}
	EndGlobalSection
EndGlobal
